
Microsoft Visual Studio Solution File, Format Version 12.00
# Visual Studio Version 17
VisualStudioVersion = 17.4.33213.308
MinimumVisualStudioVersion = 10.0.40219.1
Project("{FAE04EC0-301F-11D3-BF4B-00C04F79EFBC}") = "Autocompletestoreprocedure", "Autocompletestoreprocedure\Autocompletestoreprocedure.csproj", "{4F80B8B7-F3D4-44E0-8AB2-A21D1D2EA4DE}"
EndProject
Global
	GlobalSection(SolutionConfigurationPlatforms) = preSolution
		Debug|Any CPU = Debug|Any CPU
		Release|Any CPU = Release|Any CPU
	EndGlobalSection
	GlobalSection(ProjectConfigurationPlatforms) = postSolution
		{4F80B8B7-F3D4-44E0-8AB2-A21D1D2EA4DE}.Debug|Any CPU.ActiveCfg = Debug|Any CPU
		{4F80B8B7-F3D4-44E0-8AB2-A21D1D2EA4DE}.Debug|Any CPU.Build.0 = Debug|Any CPU
		{4F80B8B7-F3D4-44E0-8AB2-A21D1D2EA4DE}.Release|Any CPU.ActiveCfg = Release|Any CPU
		{4F80B8B7-F3D4-44E0-8AB2-A21D1D2EA4DE}.Release|Any CPU.Build.0 = Release|Any CPU
	EndGlobalSection
	GlobalSection(SolutionProperties) = preSolution
		HideSolutionNode = FALSE
	EndGlobalSection
	GlobalSection(ExtensibilityGlobals) = postSolution
		SolutionGuid = {6A9F4DBB-86D9-436E-9C29-FA5485499C17}
	EndGlobalSection
EndGlobal
